// !$*UTF8*$!
{
	archiveVersion = 1;
	classes = {
	};
	objectVersion = 46;
	objects = {

/* Begin PBXBuildFile section */
		147D1A3D1FFCCFAA0060F05F /* RedEnvelopeViewController.m in Sources */ = {isa = PBXBuildFile; fileRef = 147D1A3C1FFCCFAA0060F05F /* RedEnvelopeViewController.m */; };
		149B4AAB205B9AA100173C02 /* CalBestPlanController.m in Sources */ = {isa = PBXBuildFile; fileRef = 149B4AA6205B9AA100173C02 /* CalBestPlanController.m */; };
		149B4AAC205B9AA100173C02 /* CalModel.m in Sources */ = {isa = PBXBuildFile; fileRef = 149B4AA9205B9AA100173C02 /* CalModel.m */; };
		149B4AB0205B9BF800173C02 /* CalTableViewCell.m in Sources */ = {isa = PBXBuildFile; fileRef = 149B4AAE205B9BF800173C02 /* CalTableViewCell.m */; };
		149B4AB1205B9BF800173C02 /* CalTableViewCell.xib in Resources */ = {isa = PBXBuildFile; fileRef = 149B4AAF205B9BF800173C02 /* CalTableViewCell.xib */; };
		4D09341B1F0E378300993C26 /* main.m in Sources */ = {isa = PBXBuildFile; fileRef = 4D09341A1F0E378300993C26 /* main.m */; };
		4D09341E1F0E378300993C26 /* AppDelegate.m in Sources */ = {isa = PBXBuildFile; fileRef = 4D09341D1F0E378300993C26 /* AppDelegate.m */; };
		4D0934211F0E378300993C26 /* ViewController.m in Sources */ = {isa = PBXBuildFile; fileRef = 4D0934201F0E378300993C26 /* ViewController.m */; };
		4D0934241F0E378300993C26 /* Main.storyboard in Resources */ = {isa = PBXBuildFile; fileRef = 4D0934221F0E378300993C26 /* Main.storyboard */; };
		4D0934271F0E378300993C26 /* HCCF______.xcdatamodeld in Sources */ = {isa = PBXBuildFile; fileRef = 4D0934251F0E378300993C26 /* HCCF______.xcdatamodeld */; };
		4D0934291F0E378300993C26 /* Assets.xcassets in Resources */ = {isa = PBXBuildFile; fileRef = 4D0934281F0E378300993C26 /* Assets.xcassets */; };
		4D09342C1F0E378300993C26 /* LaunchScreen.storyboard in Resources */ = {isa = PBXBuildFile; fileRef = 4D09342A1F0E378300993C26 /* LaunchScreen.storyboard */; };
		4D0934371F0E378300993C26 /* HCCF______Tests.m in Sources */ = {isa = PBXBuildFile; fileRef = 4D0934361F0E378300993C26 /* HCCF______Tests.m */; };
		4D8599741F14C6F60056FD9C /* UserPayViewController.m in Sources */ = {isa = PBXBuildFile; fileRef = 4D8599731F14C6F60056FD9C /* UserPayViewController.m */; };
		4D8599781F14CF080056FD9C /* UserListTableViewCell.m in Sources */ = {isa = PBXBuildFile; fileRef = 4D8599761F14CF080056FD9C /* UserListTableViewCell.m */; };
		4D8599791F14CF080056FD9C /* UserListTableViewCell.xib in Resources */ = {isa = PBXBuildFile; fileRef = 4D8599771F14CF080056FD9C /* UserListTableViewCell.xib */; };
		4D85997C1F14D6300056FD9C /* UIImage+Circle.m in Sources */ = {isa = PBXBuildFile; fileRef = 4D85997B1F14D6300056FD9C /* UIImage+Circle.m */; };
		4D8599801F14D9500056FD9C /* ShowPayImageViewController.m in Sources */ = {isa = PBXBuildFile; fileRef = 4D85997E1F14D9500056FD9C /* ShowPayImageViewController.m */; };
		4D8599811F14D9500056FD9C /* ShowPayImageViewController.xib in Resources */ = {isa = PBXBuildFile; fileRef = 4D85997F1F14D9500056FD9C /* ShowPayImageViewController.xib */; };
		620E1FDFD5CE683564060E3D /* libPods-HCCF_下午茶计算.a in Frameworks */ = {isa = PBXBuildFile; fileRef = AE45232FB32B8F18E1A23743 /* libPods-HCCF_下午茶计算.a */; };
/* End PBXBuildFile section */

/* Begin PBXContainerItemProxy section */
		4D0934331F0E378300993C26 /* PBXContainerItemProxy */ = {
			isa = PBXContainerItemProxy;
			containerPortal = 4D09340E1F0E378300993C26 /* Project object */;
			proxyType = 1;
			remoteGlobalIDString = 4D0934151F0E378300993C26;
			remoteInfo = "HCCF_下午茶计算";
		};
/* End PBXContainerItemProxy section */

/* Begin PBXFileReference section */
		147D1A3B1FFCCFAA0060F05F /* RedEnvelopeViewController.h */ = {isa = PBXFileReference; lastKnownFileType = sourcecode.c.h; path = RedEnvelopeViewController.h; sourceTree = "<group>"; };
		147D1A3C1FFCCFAA0060F05F /* RedEnvelopeViewController.m */ = {isa = PBXFileReference; lastKnownFileType = sourcecode.c.objc; path = RedEnvelopeViewController.m; sourceTree = "<group>"; };
		149B4AA5205B9AA100173C02 /* CalBestPlanController.h */ = {isa = PBXFileReference; fileEncoding = 4; lastKnownFileType = sourcecode.c.h; path = CalBestPlanController.h; sourceTree = "<group>"; };
		149B4AA6205B9AA100173C02 /* CalBestPlanController.m */ = {isa = PBXFileReference; fileEncoding = 4; lastKnownFileType = sourcecode.c.objc; path = CalBestPlanController.m; sourceTree = "<group>"; };
		149B4AA8205B9AA100173C02 /* CalModel.h */ = {isa = PBXFileReference; fileEncoding = 4; lastKnownFileType = sourcecode.c.h; path = CalModel.h; sourceTree = "<group>"; };
		149B4AA9205B9AA100173C02 /* CalModel.m */ = {isa = PBXFileReference; fileEncoding = 4; lastKnownFileType = sourcecode.c.objc; path = CalModel.m; sourceTree = "<group>"; };
		149B4AAD205B9BF800173C02 /* CalTableViewCell.h */ = {isa = PBXFileReference; lastKnownFileType = sourcecode.c.h; path = CalTableViewCell.h; sourceTree = "<group>"; };
		149B4AAE205B9BF800173C02 /* CalTableViewCell.m */ = {isa = PBXFileReference; lastKnownFileType = sourcecode.c.objc; path = CalTableViewCell.m; sourceTree = "<group>"; };
		149B4AAF205B9BF800173C02 /* CalTableViewCell.xib */ = {isa = PBXFileReference; lastKnownFileType = file.xib; path = CalTableViewCell.xib; sourceTree = "<group>"; };
		190FD8F06CF9FB80974D07FE /* Pods-HCCF_下午茶计算.release.xcconfig */ = {isa = PBXFileReference; includeInIndex = 1; lastKnownFileType = text.xcconfig; name = "Pods-HCCF_下午茶计算.release.xcconfig"; path = "Pods/Target Support Files/Pods-HCCF_下午茶计算/Pods-HCCF_下午茶计算.release.xcconfig"; sourceTree = "<group>"; };
		4D0934161F0E378300993C26 /* HCCF_下午茶计算.app */ = {isa = PBXFileReference; explicitFileType = wrapper.application; includeInIndex = 0; path = "HCCF_下午茶计算.app"; sourceTree = BUILT_PRODUCTS_DIR; };
		4D09341A1F0E378300993C26 /* main.m */ = {isa = PBXFileReference; lastKnownFileType = sourcecode.c.objc; path = main.m; sourceTree = "<group>"; };
		4D09341C1F0E378300993C26 /* AppDelegate.h */ = {isa = PBXFileReference; lastKnownFileType = sourcecode.c.h; path = AppDelegate.h; sourceTree = "<group>"; };
		4D09341D1F0E378300993C26 /* AppDelegate.m */ = {isa = PBXFileReference; lastKnownFileType = sourcecode.c.objc; path = AppDelegate.m; sourceTree = "<group>"; };
		4D09341F1F0E378300993C26 /* ViewController.h */ = {isa = PBXFileReference; lastKnownFileType = sourcecode.c.h; path = ViewController.h; sourceTree = "<group>"; };
		4D0934201F0E378300993C26 /* ViewController.m */ = {isa = PBXFileReference; lastKnownFileType = sourcecode.c.objc; path = ViewController.m; sourceTree = "<group>"; };
		4D0934231F0E378300993C26 /* Base */ = {isa = PBXFileReference; lastKnownFileType = file.storyboard; name = Base; path = Base.lproj/Main.storyboard; sourceTree = "<group>"; };
		4D0934261F0E378300993C26 /* HCCF______.xcdatamodel */ = {isa = PBXFileReference; lastKnownFileType = wrapper.xcdatamodel; path = "HCCF______.xcdatamodel"; sourceTree = "<group>"; };
		4D0934281F0E378300993C26 /* Assets.xcassets */ = {isa = PBXFileReference; lastKnownFileType = folder.assetcatalog; path = Assets.xcassets; sourceTree = "<group>"; };
		4D09342B1F0E378300993C26 /* Base */ = {isa = PBXFileReference; lastKnownFileType = file.storyboard; name = Base; path = Base.lproj/LaunchScreen.storyboard; sourceTree = "<group>"; };
		4D09342D1F0E378300993C26 /* Info.plist */ = {isa = PBXFileReference; lastKnownFileType = text.plist.xml; path = Info.plist; sourceTree = "<group>"; };
		4D0934321F0E378300993C26 /* HCCF_下午茶计算Tests.xctest */ = {isa = PBXFileReference; explicitFileType = wrapper.cfbundle; includeInIndex = 0; path = "HCCF_下午茶计算Tests.xctest"; sourceTree = BUILT_PRODUCTS_DIR; };
		4D0934361F0E378300993C26 /* HCCF______Tests.m */ = {isa = PBXFileReference; lastKnownFileType = sourcecode.c.objc; path = "HCCF______Tests.m"; sourceTree = "<group>"; };
		4D0934381F0E378300993C26 /* Info.plist */ = {isa = PBXFileReference; lastKnownFileType = text.plist.xml; path = Info.plist; sourceTree = "<group>"; };
		4D8599721F14C6F60056FD9C /* UserPayViewController.h */ = {isa = PBXFileReference; fileEncoding = 4; lastKnownFileType = sourcecode.c.h; path = UserPayViewController.h; sourceTree = "<group>"; };
		4D8599731F14C6F60056FD9C /* UserPayViewController.m */ = {isa = PBXFileReference; fileEncoding = 4; lastKnownFileType = sourcecode.c.objc; path = UserPayViewController.m; sourceTree = "<group>"; };
		4D8599751F14CF080056FD9C /* UserListTableViewCell.h */ = {isa = PBXFileReference; fileEncoding = 4; lastKnownFileType = sourcecode.c.h; path = UserListTableViewCell.h; sourceTree = "<group>"; };
		4D8599761F14CF080056FD9C /* UserListTableViewCell.m */ = {isa = PBXFileReference; fileEncoding = 4; lastKnownFileType = sourcecode.c.objc; path = UserListTableViewCell.m; sourceTree = "<group>"; };
		4D8599771F14CF080056FD9C /* UserListTableViewCell.xib */ = {isa = PBXFileReference; fileEncoding = 4; lastKnownFileType = file.xib; path = UserListTableViewCell.xib; sourceTree = "<group>"; };
		4D85997A1F14D6300056FD9C /* UIImage+Circle.h */ = {isa = PBXFileReference; fileEncoding = 4; lastKnownFileType = sourcecode.c.h; path = "UIImage+Circle.h"; sourceTree = "<group>"; };
		4D85997B1F14D6300056FD9C /* UIImage+Circle.m */ = {isa = PBXFileReference; fileEncoding = 4; lastKnownFileType = sourcecode.c.objc; path = "UIImage+Circle.m"; sourceTree = "<group>"; };
		4D85997D1F14D9500056FD9C /* ShowPayImageViewController.h */ = {isa = PBXFileReference; fileEncoding = 4; lastKnownFileType = sourcecode.c.h; path = ShowPayImageViewController.h; sourceTree = "<group>"; };
		4D85997E1F14D9500056FD9C /* ShowPayImageViewController.m */ = {isa = PBXFileReference; fileEncoding = 4; lastKnownFileType = sourcecode.c.objc; path = ShowPayImageViewController.m; sourceTree = "<group>"; };
		4D85997F1F14D9500056FD9C /* ShowPayImageViewController.xib */ = {isa = PBXFileReference; fileEncoding = 4; lastKnownFileType = file.xib; path = ShowPayImageViewController.xib; sourceTree = "<group>"; };
		AE45232FB32B8F18E1A23743 /* libPods-HCCF_下午茶计算.a */ = {isa = PBXFileReference; explicitFileType = archive.ar; includeInIndex = 0; path = "libPods-HCCF_下午茶计算.a"; sourceTree = BUILT_PRODUCTS_DIR; };
		C768777D3D23166ACA464A78 /* Pods-HCCF_下午茶计算.debug.xcconfig */ = {isa = PBXFileReference; includeInIndex = 1; lastKnownFileType = text.xcconfig; name = "Pods-HCCF_下午茶计算.debug.xcconfig"; path = "Pods/Target Support Files/Pods-HCCF_下午茶计算/Pods-HCCF_下午茶计算.debug.xcconfig"; sourceTree = "<group>"; };
/* End PBXFileReference section */

/* Begin PBXFrameworksBuildPhase section */
		4D0934131F0E378300993C26 /* Frameworks */ = {
			isa = PBXFrameworksBuildPhase;
			buildActionMask = 2147483647;
			files = (
				620E1FDFD5CE683564060E3D /* libPods-HCCF_下午茶计算.a in Frameworks */,
			);
			runOnlyForDeploymentPostprocessing = 0;
		};
		4D09342F1F0E378300993C26 /* Frameworks */ = {
			isa = PBXFrameworksBuildPhase;
			buildActionMask = 2147483647;
			files = (
			);
			runOnlyForDeploymentPostprocessing = 0;
		};
/* End PBXFrameworksBuildPhase section */

/* Begin PBXGroup section */
		149B4AA3205B9AA100173C02 /* 计算最优点餐计划 */ = {
			isa = PBXGroup;
			children = (
				149B4AA4205B9AA100173C02 /* Controller */,
				149B4AA7205B9AA100173C02 /* Model */,
				149B4AAA205B9AA100173C02 /* View */,
			);
			path = "计算最优点餐计划";
			sourceTree = "<group>";
		};
		149B4AA4205B9AA100173C02 /* Controller */ = {
			isa = PBXGroup;
			children = (
				149B4AA5205B9AA100173C02 /* CalBestPlanController.h */,
				149B4AA6205B9AA100173C02 /* CalBestPlanController.m */,
			);
			path = Controller;
			sourceTree = "<group>";
		};
		149B4AA7205B9AA100173C02 /* Model */ = {
			isa = PBXGroup;
			children = (
				149B4AA8205B9AA100173C02 /* CalModel.h */,
				149B4AA9205B9AA100173C02 /* CalModel.m */,
			);
			path = Model;
			sourceTree = "<group>";
		};
		149B4AAA205B9AA100173C02 /* View */ = {
			isa = PBXGroup;
			children = (
				149B4AAD205B9BF800173C02 /* CalTableViewCell.h */,
				149B4AAE205B9BF800173C02 /* CalTableViewCell.m */,
				149B4AAF205B9BF800173C02 /* CalTableViewCell.xib */,
			);
			path = View;
			sourceTree = "<group>";
		};
		4D09340D1F0E378300993C26 = {
			isa = PBXGroup;
			children = (
				4D0934181F0E378300993C26 /* HCCF_下午茶计算 */,
				4D0934351F0E378300993C26 /* HCCF_下午茶计算Tests */,
				4D0934171F0E378300993C26 /* Products */,
				BC085CD593674E92C43CB5A8 /* Pods */,
				7B1DBB837E617E3C0AF9B8EC /* Frameworks */,
			);
			sourceTree = "<group>";
		};
		4D0934171F0E378300993C26 /* Products */ = {
			isa = PBXGroup;
			children = (
				4D0934161F0E378300993C26 /* HCCF_下午茶计算.app */,
				4D0934321F0E378300993C26 /* HCCF_下午茶计算Tests.xctest */,
			);
			name = Products;
			sourceTree = "<group>";
		};
		4D0934181F0E378300993C26 /* HCCF_下午茶计算 */ = {
			isa = PBXGroup;
			children = (
				149B4AA3205B9AA100173C02 /* 计算最优点餐计划 */,
				4D09341C1F0E378300993C26 /* AppDelegate.h */,
				4D09341D1F0E378300993C26 /* AppDelegate.m */,
				4D09341F1F0E378300993C26 /* ViewController.h */,
				4D0934201F0E378300993C26 /* ViewController.m */,
				4D0934221F0E378300993C26 /* Main.storyboard */,
				4D0934281F0E378300993C26 /* Assets.xcassets */,
				4D09342A1F0E378300993C26 /* LaunchScreen.storyboard */,
				4D09342D1F0E378300993C26 /* Info.plist */,
				4D0934251F0E378300993C26 /* HCCF______.xcdatamodeld */,
				4D0934191F0E378300993C26 /* Supporting Files */,
				4D8599721F14C6F60056FD9C /* UserPayViewController.h */,
				4D8599731F14C6F60056FD9C /* UserPayViewController.m */,
				147D1A3B1FFCCFAA0060F05F /* RedEnvelopeViewController.h */,
				147D1A3C1FFCCFAA0060F05F /* RedEnvelopeViewController.m */,
			);
			path = "HCCF_下午茶计算";
			sourceTree = "<group>";
		};
		4D0934191F0E378300993C26 /* Supporting Files */ = {
			isa = PBXGroup;
			children = (
				4D85997A1F14D6300056FD9C /* UIImage+Circle.h */,
				4D85997B1F14D6300056FD9C /* UIImage+Circle.m */,
				4D09341A1F0E378300993C26 /* main.m */,
				4D8599751F14CF080056FD9C /* UserListTableViewCell.h */,
				4D8599761F14CF080056FD9C /* UserListTableViewCell.m */,
				4D8599771F14CF080056FD9C /* UserListTableViewCell.xib */,
				4D85997D1F14D9500056FD9C /* ShowPayImageViewController.h */,
				4D85997E1F14D9500056FD9C /* ShowPayImageViewController.m */,
				4D85997F1F14D9500056FD9C /* ShowPayImageViewController.xib */,
			);
			name = "Supporting Files";
			sourceTree = "<group>";
		};
		4D0934351F0E378300993C26 /* HCCF_下午茶计算Tests */ = {
			isa = PBXGroup;
			children = (
				4D0934361F0E378300993C26 /* HCCF______Tests.m */,
				4D0934381F0E378300993C26 /* Info.plist */,
			);
			path = "HCCF_下午茶计算Tests";
			sourceTree = "<group>";
		};
		7B1DBB837E617E3C0AF9B8EC /* Frameworks */ = {
			isa = PBXGroup;
			children = (
				AE45232FB32B8F18E1A23743 /* libPods-HCCF_下午茶计算.a */,
			);
			name = Frameworks;
			sourceTree = "<group>";
		};
		BC085CD593674E92C43CB5A8 /* Pods */ = {
			isa = PBXGroup;
			children = (
				C768777D3D23166ACA464A78 /* Pods-HCCF_下午茶计算.debug.xcconfig */,
				190FD8F06CF9FB80974D07FE /* Pods-HCCF_下午茶计算.release.xcconfig */,
			);
			name = Pods;
			sourceTree = "<group>";
		};
/* End PBXGroup section */

/* Begin PBXNativeTarget section */
		4D0934151F0E378300993C26 /* HCCF_下午茶计算 */ = {
			isa = PBXNativeTarget;
			buildConfigurationList = 4D09343B1F0E378300993C26 /* Build configuration list for PBXNativeTarget "HCCF_下午茶计算" */;
			buildPhases = (
				1BA58FDA1A279C241D389F0D /* [CP] Check Pods Manifest.lock */,
				4D0934121F0E378300993C26 /* Sources */,
				4D0934131F0E378300993C26 /* Frameworks */,
				4D0934141F0E378300993C26 /* Resources */,
				8A9B04810C8F0D4D260885BE /* [CP] Embed Pods Frameworks */,
				97FD7B5FB8A0D656E0EF7977 /* [CP] Copy Pods Resources */,
			);
			buildRules = (
			);
			dependencies = (
			);
			name = "HCCF_下午茶计算";
			productName = "HCCF_下午茶计算";
			productReference = 4D0934161F0E378300993C26 /* HCCF_下午茶计算.app */;
			productType = "com.apple.product-type.application";
		};
		4D0934311F0E378300993C26 /* HCCF_下午茶计算Tests */ = {
			isa = PBXNativeTarget;
			buildConfigurationList = 4D09343E1F0E378300993C26 /* Build configuration list for PBXNativeTarget "HCCF_下午茶计算Tests" */;
			buildPhases = (
				4D09342E1F0E378300993C26 /* Sources */,
				4D09342F1F0E378300993C26 /* Frameworks */,
				4D0934301F0E378300993C26 /* Resources */,
			);
			buildRules = (
			);
			dependencies = (
				4D0934341F0E378300993C26 /* PBXTargetDependency */,
			);
			name = "HCCF_下午茶计算Tests";
			productName = "HCCF_下午茶计算Tests";
			productReference = 4D0934321F0E378300993C26 /* HCCF_下午茶计算Tests.xctest */;
			productType = "com.apple.product-type.bundle.unit-test";
		};
/* End PBXNativeTarget section */

/* Begin PBXProject section */
		4D09340E1F0E378300993C26 /* Project object */ = {
			isa = PBXProject;
			attributes = {
				LastUpgradeCheck = 0830;
				ORGANIZATIONNAME = xmhccf;
				TargetAttributes = {
					4D0934151F0E378300993C26 = {
						CreatedOnToolsVersion = 8.3.2;
						DevelopmentTeam = YB959EVT9H;
						ProvisioningStyle = Automatic;
					};
					4D0934311F0E378300993C26 = {
						CreatedOnToolsVersion = 8.3.2;
						DevelopmentTeam = 8BDR787W4U;
						ProvisioningStyle = Automatic;
						TestTargetID = 4D0934151F0E378300993C26;
					};
				};
			};
			buildConfigurationList = 4D0934111F0E378300993C26 /* Build configuration list for PBXProject "HCCF_下午茶计算" */;
			compatibilityVersion = "Xcode 3.2";
			developmentRegion = English;
			hasScannedForEncodings = 0;
			knownRegions = (
				en,
				Base,
			);
			mainGroup = 4D09340D1F0E378300993C26;
			productRefGroup = 4D0934171F0E378300993C26 /* Products */;
			projectDirPath = "";
			projectRoot = "";
			targets = (
				4D0934151F0E378300993C26 /* HCCF_下午茶计算 */,
				4D0934311F0E378300993C26 /* HCCF_下午茶计算Tests */,
			);
		};
/* End PBXProject section */

/* Begin PBXResourcesBuildPhase section */
		4D0934141F0E378300993C26 /* Resources */ = {
			isa = PBXResourcesBuildPhase;
			buildActionMask = 2147483647;
			files = (
				4D8599791F14CF080056FD9C /* UserListTableViewCell.xib in Resources */,
				4D09342C1F0E378300993C26 /* LaunchScreen.storyboard in Resources */,
				149B4AB1205B9BF800173C02 /* CalTableViewCell.xib in Resources */,
				4D0934291F0E378300993C26 /* Assets.xcassets in Resources */,
				4D8599811F14D9500056FD9C /* ShowPayImageViewController.xib in Resources */,
				4D0934241F0E378300993C26 /* Main.storyboard in Resources */,
			);
			runOnlyForDeploymentPostprocessing = 0;
		};
		4D0934301F0E378300993C26 /* Resources */ = {
			isa = PBXResourcesBuildPhase;
			buildActionMask = 2147483647;
			files = (
			);
			runOnlyForDeploymentPostprocessing = 0;
		};
/* End PBXResourcesBuildPhase section */

/* Begin PBXShellScriptBuildPhase section */
		1BA58FDA1A279C241D389F0D /* [CP] Check Pods Manifest.lock */ = {
			isa = PBXShellScriptBuildPhase;
			buildActionMask = 2147483647;
			files = (
			);
			inputPaths = (
			);
			name = "[CP] Check Pods Manifest.lock";
			outputPaths = (
			);
			runOnlyForDeploymentPostprocessing = 0;
			shellPath = /bin/sh;
			shellScript = "diff \"${PODS_PODFILE_DIR_PATH}/Podfile.lock\" \"${PODS_ROOT}/Manifest.lock\" > /dev/null\nif [ $? != 0 ] ; then\n    # print error to STDERR\n    echo \"error: The sandbox is not in sync with the Podfile.lock. Run 'pod install' or update your CocoaPods installation.\" >&2\n    exit 1\nfi\n";
			showEnvVarsInLog = 0;
		};
		8A9B04810C8F0D4D260885BE /* [CP] Embed Pods Frameworks */ = {
			isa = PBXShellScriptBuildPhase;
			buildActionMask = 2147483647;
			files = (
			);
			inputPaths = (
			);
			name = "[CP] Embed Pods Frameworks";
			outputPaths = (
			);
			runOnlyForDeploymentPostprocessing = 0;
			shellPath = /bin/sh;
			shellScript = "\"${SRCROOT}/Pods/Target Support Files/Pods-HCCF_下午茶计算/Pods-HCCF_下午茶计算-frameworks.sh\"\n";
			showEnvVarsInLog = 0;
		};
		97FD7B5FB8A0D656E0EF7977 /* [CP] Copy Pods Resources */ = {
			isa = PBXShellScriptBuildPhase;
			buildActionMask = 2147483647;
			files = (
			);
			inputPaths = (
			);
			name = "[CP] Copy Pods Resources";
			outputPaths = (
			);
			runOnlyForDeploymentPostprocessing = 0;
			shellPath = /bin/sh;
			shellScript = "\"${SRCROOT}/Pods/Target Support Files/Pods-HCCF_下午茶计算/Pods-HCCF_下午茶计算-resources.sh\"\n";
			showEnvVarsInLog = 0;
		};
/* End PBXShellScriptBuildPhase section */

/* Begin PBXSourcesBuildPhase section */
		4D0934121F0E378300993C26 /* Sources */ = {
			isa = PBXSourcesBuildPhase;
			buildActionMask = 2147483647;
			files = (
				149B4AB0205B9BF800173C02 /* CalTableViewCell.m in Sources */,
				4D0934211F0E378300993C26 /* ViewController.m in Sources */,
				149B4AAB205B9AA100173C02 /* CalBestPlanController.m in Sources */,
				4D85997C1F14D6300056FD9C /* UIImage+Circle.m in Sources */,
				4D8599741F14C6F60056FD9C /* UserPayViewController.m in Sources */,
				4D0934271F0E378300993C26 /* HCCF______.xcdatamodeld in Sources */,
				147D1A3D1FFCCFAA0060F05F /* RedEnvelopeViewController.m in Sources */,
				149B4AAC205B9AA100173C02 /* CalModel.m in Sources */,
				4D8599801F14D9500056FD9C /* ShowPayImageViewController.m in Sources */,
				4D09341E1F0E378300993C26 /* AppDelegate.m in Sources */,
				4D8599781F14CF080056FD9C /* UserListTableViewCell.m in Sources */,
				4D09341B1F0E378300993C26 /* main.m in Sources */,
			);
			runOnlyForDeploymentPostprocessing = 0;
		};
		4D09342E1F0E378300993C26 /* Sources */ = {
			isa = PBXSourcesBuildPhase;
			buildActionMask = 2147483647;
			files = (
				4D0934371F0E378300993C26 /* HCCF______Tests.m in Sources */,
			);
			runOnlyForDeploymentPostprocessing = 0;
		};
/* End PBXSourcesBuildPhase section */

/* Begin PBXTargetDependency section */
		4D0934341F0E378300993C26 /* PBXTargetDependency */ = {
			isa = PBXTargetDependency;
			target = 4D0934151F0E378300993C26 /* HCCF_下午茶计算 */;
			targetProxy = 4D0934331F0E378300993C26 /* PBXContainerItemProxy */;
		};
/* End PBXTargetDependency section */

/* Begin PBXVariantGroup section */
		4D0934221F0E378300993C26 /* Main.storyboard */ = {
			isa = PBXVariantGroup;
			children = (
				4D0934231F0E378300993C26 /* Base */,
			);
			name = Main.storyboard;
			sourceTree = "<group>";
		};
		4D09342A1F0E378300993C26 /* LaunchScreen.storyboard */ = {
			isa = PBXVariantGroup;
			children = (
				4D09342B1F0E378300993C26 /* Base */,
			);
			name = LaunchScreen.storyboard;
			sourceTree = "<group>";
		};
/* End PBXVariantGroup section */

/* Begin XCBuildConfiguration section */
		4D0934391F0E378300993C26 /* Debug */ = {
			isa = XCBuildConfiguration;
			buildSettings = {
				ALWAYS_SEARCH_USER_PATHS = NO;
				CLANG_ANALYZER_NONNULL = YES;
				CLANG_ANALYZER_NUMBER_OBJECT_CONVERSION = YES_AGGRESSIVE;
				CLANG_CXX_LANGUAGE_STANDARD = "gnu++0x";
				CLANG_CXX_LIBRARY = "libc++";
				CLANG_ENABLE_MODULES = YES;
				CLANG_ENABLE_OBJC_ARC = YES;
				CLANG_WARN_BOOL_CONVERSION = YES;
				CLANG_WARN_CONSTANT_CONVERSION = YES;
				CLANG_WARN_DIRECT_OBJC_ISA_USAGE = YES_ERROR;
				CLANG_WARN_DOCUMENTATION_COMMENTS = YES;
				CLANG_WARN_EMPTY_BODY = YES;
				CLANG_WARN_ENUM_CONVERSION = YES;
				CLANG_WARN_INFINITE_RECURSION = YES;
				CLANG_WARN_INT_CONVERSION = YES;
				CLANG_WARN_OBJC_ROOT_CLASS = YES_ERROR;
				CLANG_WARN_SUSPICIOUS_MOVE = YES;
				CLANG_WARN_UNREACHABLE_CODE = YES;
				CLANG_WARN__DUPLICATE_METHOD_MATCH = YES;
				"CODE_SIGN_IDENTITY[sdk=iphoneos*]" = "iPhone Developer";
				COPY_PHASE_STRIP = NO;
				DEBUG_INFORMATION_FORMAT = dwarf;
				ENABLE_STRICT_OBJC_MSGSEND = YES;
				ENABLE_TESTABILITY = YES;
				GCC_C_LANGUAGE_STANDARD = gnu99;
				GCC_DYNAMIC_NO_PIC = NO;
				GCC_NO_COMMON_BLOCKS = YES;
				GCC_OPTIMIZATION_LEVEL = 0;
				GCC_PREPROCESSOR_DEFINITIONS = (
					"DEBUG=1",
					"$(inherited)",
				);
				GCC_WARN_64_TO_32_BIT_CONVERSION = YES;
				GCC_WARN_ABOUT_RETURN_TYPE = YES_ERROR;
				GCC_WARN_UNDECLARED_SELECTOR = YES;
				GCC_WARN_UNINITIALIZED_AUTOS = YES_AGGRESSIVE;
				GCC_WARN_UNUSED_FUNCTION = YES;
				GCC_WARN_UNUSED_VARIABLE = YES;
				IPHONEOS_DEPLOYMENT_TARGET = 10.3;
				MTL_ENABLE_DEBUG_INFO = YES;
				ONLY_ACTIVE_ARCH = YES;
				SDKROOT = iphoneos;
				TARGETED_DEVICE_FAMILY = "1,2";
			};
			name = Debug;
		};
		4D09343A1F0E378300993C26 /* Release */ = {
			isa = XCBuildConfiguration;
			buildSettings = {
				ALWAYS_SEARCH_USER_PATHS = NO;
				CLANG_ANALYZER_NONNULL = YES;
				CLANG_ANALYZER_NUMBER_OBJECT_CONVERSION = YES_AGGRESSIVE;
				CLANG_CXX_LANGUAGE_STANDARD = "gnu++0x";
				CLANG_CXX_LIBRARY = "libc++";
				CLANG_ENABLE_MODULES = YES;
				CLANG_ENABLE_OBJC_ARC = YES;
				CLANG_WARN_BOOL_CONVERSION = YES;
				CLANG_WARN_CONSTANT_CONVERSION = YES;
				CLANG_WARN_DIRECT_OBJC_ISA_USAGE = YES_ERROR;
				CLANG_WARN_DOCUMENTATION_COMMENTS = YES;
				CLANG_WARN_EMPTY_BODY = YES;
				CLANG_WARN_ENUM_CONVERSION = YES;
				CLANG_WARN_INFINITE_RECURSION = YES;
				CLANG_WARN_INT_CONVERSION = YES;
				CLANG_WARN_OBJC_ROOT_CLASS = YES_ERROR;
				CLANG_WARN_SUSPICIOUS_MOVE = YES;
				CLANG_WARN_UNREACHABLE_CODE = YES;
				CLANG_WARN__DUPLICATE_METHOD_MATCH = YES;
				"CODE_SIGN_IDENTITY[sdk=iphoneos*]" = "iPhone Developer";
				COPY_PHASE_STRIP = NO;
				DEBUG_INFORMATION_FORMAT = "dwarf-with-dsym";
				ENABLE_NS_ASSERTIONS = NO;
				ENABLE_STRICT_OBJC_MSGSEND = YES;
				GCC_C_LANGUAGE_STANDARD = gnu99;
				GCC_NO_COMMON_BLOCKS = YES;
				GCC_WARN_64_TO_32_BIT_CONVERSION = YES;
				GCC_WARN_ABOUT_RETURN_TYPE = YES_ERROR;
				GCC_WARN_UNDECLARED_SELECTOR = YES;
				GCC_WARN_UNINITIALIZED_AUTOS = YES_AGGRESSIVE;
				GCC_WARN_UNUSED_FUNCTION = YES;
				GCC_WARN_UNUSED_VARIABLE = YES;
				IPHONEOS_DEPLOYMENT_TARGET = 10.3;
				MTL_ENABLE_DEBUG_INFO = NO;
				SDKROOT = iphoneos;
				TARGETED_DEVICE_FAMILY = "1,2";
				VALIDATE_PRODUCT = YES;
			};
			name = Release;
		};
		4D09343C1F0E378300993C26 /* Debug */ = {
			isa = XCBuildConfiguration;
			baseConfigurationReference = C768777D3D23166ACA464A78 /* Pods-HCCF_下午茶计算.debug.xcconfig */;
			buildSettings = {
				ASSETCATALOG_COMPILER_APPICON_NAME = AppIcon;
				DEVELOPMENT_TEAM = YB959EVT9H;
				INFOPLIST_FILE = "HCCF_下午茶计算/Info.plist";
				IPHONEOS_DEPLOYMENT_TARGET = 9.3;
				LD_RUNPATH_SEARCH_PATHS = "$(inherited) @executable_path/Frameworks";
				PRODUCT_BUNDLE_IDENTIFIER = xiawucha;
				PRODUCT_NAME = "$(TARGET_NAME)";
			};
			name = Debug;
		};
		4D09343D1F0E378300993C26 /* Release */ = {
			isa = XCBuildConfiguration;
			baseConfigurationReference = 190FD8F06CF9FB80974D07FE /* Pods-HCCF_下午茶计算.release.xcconfig */;
			buildSettings = {
				ASSETCATALOG_COMPILER_APPICON_NAME = AppIcon;
				DEVELOPMENT_TEAM = YB959EVT9H;
				INFOPLIST_FILE = "HCCF_下午茶计算/Info.plist";
				IPHONEOS_DEPLOYMENT_TARGET = 9.3;
				LD_RUNPATH_SEARCH_PATHS = "$(inherited) @executable_path/Frameworks";
				PRODUCT_BUNDLE_IDENTIFIER = xiawucha;
				PRODUCT_NAME = "$(TARGET_NAME)";
			};
			name = Release;
		};
		4D09343F1F0E378300993C26 /* Debug */ = {
			isa = XCBuildConfiguration;
			buildSettings = {
				BUNDLE_LOADER = "$(TEST_HOST)";
				DEVELOPMENT_TEAM = 8BDR787W4U;
				INFOPLIST_FILE = "HCCF_下午茶计算Tests/Info.plist";
				LD_RUNPATH_SEARCH_PATHS = "$(inherited) @executable_path/Frameworks @loader_path/Frameworks";
				PRODUCT_BUNDLE_IDENTIFIER = "xmhccf.HCCF------Tests";
				PRODUCT_NAME = "$(TARGET_NAME)";
				TEST_HOST = "$(BUILT_PRODUCTS_DIR)/HCCF_下午茶计算.app/HCCF_下午茶计算";
			};
			name = Debug;
		};
		4D0934401F0E378300993C26 /* Release */ = {
			isa = XCBuildConfiguration;
			buildSettings = {
				BUNDLE_LOADER = "$(TEST_HOST)";
				DEVELOPMENT_TEAM = 8BDR787W4U;
				INFOPLIST_FILE = "HCCF_下午茶计算Tests/Info.plist";
				LD_RUNPATH_SEARCH_PATHS = "$(inherited) @executable_path/Frameworks @loader_path/Frameworks";
				PRODUCT_BUNDLE_IDENTIFIER = "xmhccf.HCCF------Tests";
				PRODUCT_NAME = "$(TARGET_NAME)";
				TEST_HOST = "$(BUILT_PRODUCTS_DIR)/HCCF_下午茶计算.app/HCCF_下午茶计算";
			};
			name = Release;
		};
/* End XCBuildConfiguration section */

/* Begin XCConfigurationList section */
		4D0934111F0E378300993C26 /* Build configuration list for PBXProject "HCCF_下午茶计算" */ = {
			isa = XCConfigurationList;
			buildConfigurations = (
				4D0934391F0E378300993C26 /* Debug */,
				4D09343A1F0E378300993C26 /* Release */,
			);
			defaultConfigurationIsVisible = 0;
			defaultConfigurationName = Release;
		};
		4D09343B1F0E378300993C26 /* Build configuration list for PBXNativeTarget "HCCF_下午茶计算" */ = {
			isa = XCConfigurationList;
			buildConfigurations = (
				4D09343C1F0E378300993C26 /* Debug */,
				4D09343D1F0E378300993C26 /* Release */,
			);
			defaultConfigurationIsVisible = 0;
			defaultConfigurationName = Release;
		};
		4D09343E1F0E378300993C26 /* Build configuration list for PBXNativeTarget "HCCF_下午茶计算Tests" */ = {
			isa = XCConfigurationList;
			buildConfigurations = (
				4D09343F1F0E378300993C26 /* Debug */,
				4D0934401F0E378300993C26 /* Release */,
			);
			defaultConfigurationIsVisible = 0;
			defaultConfigurationName = Release;
		};
/* End XCConfigurationList section */

/* Begin XCVersionGroup section */
		4D0934251F0E378300993C26 /* HCCF______.xcdatamodeld */ = {
			isa = XCVersionGroup;
			children = (
				4D0934261F0E378300993C26 /* HCCF______.xcdatamodel */,
			);
			currentVersion = 4D0934261F0E378300993C26 /* HCCF______.xcdatamodel */;
			path = "HCCF______.xcdatamodeld";
			sourceTree = "<group>";
			versionGroupType = wrapper.xcdatamodel;
		};
/* End XCVersionGroup section */
	};
	rootObject = 4D09340E1F0E378300993C26 /* Project object */;
}
